{
  "name": "black-jack",
  "version": "1.0.0",
  "lockfileVersion": 2,
  "requires": true,
  "packages": {
    "": {
      "name": "black-jack",
      "version": "1.0.0",
      "license": "ISC",
      "dependencies": {
        "cardsJS": "^1.1.1"
      },
      "devDependencies": {
        "@types/node": "^18.6.0",
        "typescript": "^4.7.4"
      }
    },
    "node_modules/@types/node": {
      "version": "18.6.0",
      "resolved": "https://registry.npmjs.org/@types/node/-/node-18.6.0.tgz",
      "integrity": "sha512-WZ/6I1GL0DNAo4bb01lGGKTHH8BHJyECepf11kWONg3OJoHq2WYOm16Es1V54Er7NTUXsbDCpKRKdmBc4X2xhA==",
      "dev": true
    },
    "node_modules/cardsJS": {
      "version": "1.1.1",
      "resolved": "https://registry.npmjs.org/cardsJS/-/cardsJS-1.1.1.tgz",
      "integrity": "sha512-S8J1GsZp9Wimj1jBu6jhH8pHNuOvkA7uryP7YeeaMP8o02g86rdTkXes0rAb/y8ShdCx5JDwg116/hMEGtAuJw==",
      "dependencies": {
        "jquery": "~2.1.3",
        "knockout": "~3.3.0"
      }
    },
    "node_modules/jquery": {
      "version": "2.1.4",
      "resolved": "https://registry.npmjs.org/jquery/-/jquery-2.1.4.tgz",
      "integrity": "sha512-wWR+eCq/T/Qt0NcFyM+QVho0ZVzWxFYANijmSMImXiM5mjr1aOaf4SF0eOEPc92bbK2L2vDpxw3lIszus7eO8Q=="
    },
    "node_modules/knockout": {
      "version": "3.3.0",
      "resolved": "https://registry.npmjs.org/knockout/-/knockout-3.3.0.tgz",
      "integrity": "sha512-u8wD2Pbhxj8x0Xj7S1gdLFaiRT6xlh91Mu5YXwIVfQr/zQYePki2KAZLkl9KWSPHeSag/eQz9eNs4BsQ5x8FYA=="
    },
    "node_modules/typescript": {
      "version": "4.7.4",
      "resolved": "https://registry.npmjs.org/typescript/-/typescript-4.7.4.tgz",
      "integrity": "sha512-C0WQT0gezHuw6AdY1M2jxUO83Rjf0HP7Sk1DtXj6j1EwkQNZrHAg2XPWlq62oqEhYvONq5pkC2Y9oPljWToLmQ==",
      "dev": true,
      "bin": {
        "tsc": "bin/tsc",
        "tsserver": "bin/tsserver"
      },
      "engines": {
        "node": ">=4.2.0"
      }
    }
  },
  "dependencies": {
    "@types/node": {
      "version": "18.6.0",
      "resolved": "https://registry.npmjs.org/@types/node/-/node-18.6.0.tgz",
      "integrity": "sha512-WZ/6I1GL0DNAo4bb01lGGKTHH8BHJyECepf11kWONg3OJoHq2WYOm16Es1V54Er7NTUXsbDCpKRKdmBc4X2xhA==",
      "dev": true
    },
    "cardsJS": {
      "version": "1.1.1",
      "resolved": "https://registry.npmjs.org/cardsJS/-/cardsJS-1.1.1.tgz",
      "integrity": "sha512-S8J1GsZp9Wimj1jBu6jhH8pHNuOvkA7uryP7YeeaMP8o02g86rdTkXes0rAb/y8ShdCx5JDwg116/hMEGtAuJw==",
      "requires": {
        "jquery": "~2.1.3",
        "knockout": "~3.3.0"
      }
    },
    "jquery": {
      "version": "2.1.4",
      "resolved": "https://registry.npmjs.org/jquery/-/jquery-2.1.4.tgz",
      "integrity": "sha512-wWR+eCq/T/Qt0NcFyM+QVho0ZVzWxFYANijmSMImXiM5mjr1aOaf4SF0eOEPc92bbK2L2vDpxw3lIszus7eO8Q=="
    },
    "knockout": {
      "version": "3.3.0",
      "resolved": "https://registry.npmjs.org/knockout/-/knockout-3.3.0.tgz",
      "integrity": "sha512-u8wD2Pbhxj8x0Xj7S1gdLFaiRT6xlh91Mu5YXwIVfQr/zQYePki2KAZLkl9KWSPHeSag/eQz9eNs4BsQ5x8FYA=="
    },
    "typescript": {
      "version": "4.7.4",
      "resolved": "https://registry.npmjs.org/typescript/-/typescript-4.7.4.tgz",
      "integrity": "sha512-C0WQT0gezHuw6AdY1M2jxUO83Rjf0HP7Sk1DtXj6j1EwkQNZrHAg2XPWlq62oqEhYvONq5pkC2Y9oPljWToLmQ==",
      "dev": true
    }
  }
}
